// !$*UTF8*$!
{
	archiveVersion = 1;
	classes = {
	};
	objectVersion = 46;
	objects = {

/* Begin PBXBuildFile section */
		200F86B71E227891008DF555 /* AppDelegate.swift in Sources */ = {isa = PBXBuildFile; fileRef = 200F86B61E227891008DF555 /* AppDelegate.swift */; };
		200F86B91E227891008DF555 /* ViewController.swift in Sources */ = {isa = PBXBuildFile; fileRef = 200F86B81E227891008DF555 /* ViewController.swift */; };
		200F86BC1E227891008DF555 /* Main.storyboard in Resources */ = {isa = PBXBuildFile; fileRef = 200F86BA1E227891008DF555 /* Main.storyboard */; };
		200F86BE1E227891008DF555 /* Assets.xcassets in Resources */ = {isa = PBXBuildFile; fileRef = 200F86BD1E227891008DF555 /* Assets.xcassets */; };
		200F86C11E227891008DF555 /* LaunchScreen.storyboard in Resources */ = {isa = PBXBuildFile; fileRef = 200F86BF1E227891008DF555 /* LaunchScreen.storyboard */; };
		20424EBD1E242AEB008CD371 /* picture1.jpg in Resources */ = {isa = PBXBuildFile; fileRef = 20424EBC1E242AEB008CD371 /* picture1.jpg */; };
		20424EBF1E242AF2008CD371 /* picture2.jpg in Resources */ = {isa = PBXBuildFile; fileRef = 20424EBE1E242AF2008CD371 /* picture2.jpg */; };
		206EC8D11E227BCE00E25EBA /* Image360.framework in Frameworks */ = {isa = PBXBuildFile; fileRef = 206EC8D01E2279CE00E25EBA /* Image360.framework */; };
		207092411E360388006407FA /* SettingsController.swift in Sources */ = {isa = PBXBuildFile; fileRef = 207092401E360388006407FA /* SettingsController.swift */; };
/* End PBXBuildFile section */

/* Begin PBXContainerItemProxy section */
		206EC8CF1E2279CE00E25EBA /* PBXContainerItemProxy */ = {
			isa = PBXContainerItemProxy;
			containerPortal = 206EC8CB1E2279CE00E25EBA /* Image360.xcodeproj */;
			proxyType = 2;
			remoteGlobalIDString = 200F86891E227582008DF555;
			remoteInfo = Image360;
		};
/* End PBXContainerItemProxy section */

/* Begin PBXFileReference section */
		200F86B31E227891008DF555 /* iOS Example.app */ = {isa = PBXFileReference; explicitFileType = wrapper.application; includeInIndex = 0; path = "iOS Example.app"; sourceTree = BUILT_PRODUCTS_DIR; };
		200F86B61E227891008DF555 /* AppDelegate.swift */ = {isa = PBXFileReference; lastKnownFileType = sourcecode.swift; path = AppDelegate.swift; sourceTree = "<group>"; };
		200F86B81E227891008DF555 /* ViewController.swift */ = {isa = PBXFileReference; lastKnownFileType = sourcecode.swift; path = ViewController.swift; sourceTree = "<group>"; };
		200F86BB1E227891008DF555 /* Base */ = {isa = PBXFileReference; lastKnownFileType = file.storyboard; name = Base; path = Base.lproj/Main.storyboard; sourceTree = "<group>"; };
		200F86BD1E227891008DF555 /* Assets.xcassets */ = {isa = PBXFileReference; lastKnownFileType = folder.assetcatalog; path = Assets.xcassets; sourceTree = "<group>"; };
		200F86C01E227891008DF555 /* Base */ = {isa = PBXFileReference; lastKnownFileType = file.storyboard; name = Base; path = Base.lproj/LaunchScreen.storyboard; sourceTree = "<group>"; };
		200F86C21E227891008DF555 /* Info.plist */ = {isa = PBXFileReference; lastKnownFileType = text.plist.xml; path = Info.plist; sourceTree = "<group>"; };
		20424EBC1E242AEB008CD371 /* picture1.jpg */ = {isa = PBXFileReference; lastKnownFileType = image.jpeg; path = picture1.jpg; sourceTree = "<group>"; };
		20424EBE1E242AF2008CD371 /* picture2.jpg */ = {isa = PBXFileReference; lastKnownFileType = image.jpeg; path = picture2.jpg; sourceTree = "<group>"; };
		206EC8CB1E2279CE00E25EBA /* Image360.xcodeproj */ = {isa = PBXFileReference; lastKnownFileType = "wrapper.pb-project"; name = Image360.xcodeproj; path = ../Image360.xcodeproj; sourceTree = "<group>"; };
		207092401E360388006407FA /* SettingsController.swift */ = {isa = PBXFileReference; fileEncoding = 4; lastKnownFileType = sourcecode.swift; path = SettingsController.swift; sourceTree = "<group>"; };
/* End PBXFileReference section */

/* Begin PBXFrameworksBuildPhase section */
		200F86B01E227891008DF555 /* Frameworks */ = {
			isa = PBXFrameworksBuildPhase;
			buildActionMask = 2147483647;
			files = (
				206EC8D11E227BCE00E25EBA /* Image360.framework in Frameworks */,
			);
			runOnlyForDeploymentPostprocessing = 0;
		};
/* End PBXFrameworksBuildPhase section */

/* Begin PBXGroup section */
		200F86AA1E227891008DF555 = {
			isa = PBXGroup;
			children = (
				206EC8CB1E2279CE00E25EBA /* Image360.xcodeproj */,
				200F86B51E227891008DF555 /* iOS Example */,
				200F86B41E227891008DF555 /* Products */,
			);
			sourceTree = "<group>";
		};
		200F86B41E227891008DF555 /* Products */ = {
			isa = PBXGroup;
			children = (
				200F86B31E227891008DF555 /* iOS Example.app */,
			);
			name = Products;
			sourceTree = "<group>";
		};
		200F86B51E227891008DF555 /* iOS Example */ = {
			isa = PBXGroup;
			children = (
				20424EBC1E242AEB008CD371 /* picture1.jpg */,
				20424EBE1E242AF2008CD371 /* picture2.jpg */,
				200F86B61E227891008DF555 /* AppDelegate.swift */,
				207092401E360388006407FA /* SettingsController.swift */,
				200F86B81E227891008DF555 /* ViewController.swift */,
				200F86BA1E227891008DF555 /* Main.storyboard */,
				200F86BD1E227891008DF555 /* Assets.xcassets */,
				200F86BF1E227891008DF555 /* LaunchScreen.storyboard */,
				200F86C21E227891008DF555 /* Info.plist */,
			);
			path = "iOS Example";
			sourceTree = "<group>";
		};
		206EC8CC1E2279CE00E25EBA /* Products */ = {
			isa = PBXGroup;
			children = (
				206EC8D01E2279CE00E25EBA /* Image360.framework */,
			);
			name = Products;
			sourceTree = "<group>";
		};
/* End PBXGroup section */

/* Begin PBXNativeTarget section */
		200F86B21E227891008DF555 /* iOS Example */ = {
			isa = PBXNativeTarget;
			buildConfigurationList = 200F86C51E227891008DF555 /* Build configuration list for PBXNativeTarget "iOS Example" */;
			buildPhases = (
				200F86AF1E227891008DF555 /* Sources */,
				200F86B01E227891008DF555 /* Frameworks */,
				200F86B11E227891008DF555 /* Resources */,
			);
			buildRules = (
			);
			dependencies = (
			);
			name = "iOS Example";
			productName = "iOS Example";
			productReference = 200F86B31E227891008DF555 /* iOS Example.app */;
			productType = "com.apple.product-type.application";
		};
/* End PBXNativeTarget section */

/* Begin PBXProject section */
		200F86AB1E227891008DF555 /* Project object */ = {
			isa = PBXProject;
			attributes = {
				LastSwiftUpdateCheck = 0810;
				LastUpgradeCheck = 0810;
				ORGANIZATIONNAME = "Andrew Simvolokov";
				TargetAttributes = {
					200F86B21E227891008DF555 = {
						CreatedOnToolsVersion = 8.1;
						DevelopmentTeam = 4NJ84NR932;
						ProvisioningStyle = Automatic;
					};
				};
			};
			buildConfigurationList = 200F86AE1E227891008DF555 /* Build configuration list for PBXProject "iOS Example" */;
			compatibilityVersion = "Xcode 3.2";
			developmentRegion = English;
			hasScannedForEncodings = 0;
			knownRegions = (
				en,
				Base,
			);
			mainGroup = 200F86AA1E227891008DF555;
			productRefGroup = 200F86B41E227891008DF555 /* Products */;
			projectDirPath = "";
			projectReferences = (
				{
					ProductGroup = 206EC8CC1E2279CE00E25EBA /* Products */;
					ProjectRef = 206EC8CB1E2279CE00E25EBA /* Image360.xcodeproj */;
				},
			);
			projectRoot = "";
			targets = (
				200F86B21E227891008DF555 /* iOS Example */,
			);
		};
/* End PBXProject section */

/* Begin PBXReferenceProxy section */
		206EC8D01E2279CE00E25EBA /* Image360.framework */ = {
			isa = PBXReferenceProxy;
			fileType = wrapper.framework;
			path = Image360.framework;
			remoteRef = 206EC8CF1E2279CE00E25EBA /* PBXContainerItemProxy */;
			sourceTree = BUILT_PRODUCTS_DIR;
		};
/* End PBXReferenceProxy section */

/* Begin PBXResourcesBuildPhase section */
		200F86B11E227891008DF555 /* Resources */ = {
			isa = PBXResourcesBuildPhase;
			buildActionMask = 2147483647;
			files = (
				20424EBD1E242AEB008CD371 /* picture1.jpg in Resources */,
				200F86C11E227891008DF555 /* LaunchScreen.storyboard in Resources */,
				200F86BE1E227891008DF555 /* Assets.xcassets in Resources */,
				200F86BC1E227891008DF555 /* Main.storyboard in Resources */,
				20424EBF1E242AF2008CD371 /* picture2.jpg in Resources */,
			);
			runOnlyForDeploymentPostprocessing = 0;
		};
/* End PBXResourcesBuildPhase section */

/* Begin PBXSourcesBuildPhase section */
		200F86AF1E227891008DF555 /* Sources */ = {
			isa = PBXSourcesBuildPhase;
			buildActionMask = 2147483647;
			files = (
				207092411E360388006407FA /* SettingsController.swift in Sources */,
				200F86B91E227891008DF555 /* ViewController.swift in Sources */,
				200F86B71E227891008DF555 /* AppDelegate.swift in Sources */,
			);
			runOnlyForDeploymentPostprocessing = 0;
		};
/* End PBXSourcesBuildPhase section */

/* Begin PBXVariantGroup section */
		200F86BA1E227891008DF555 /* Main.storyboard */ = {
			isa = PBXVariantGroup;
			children = (
				200F86BB1E227891008DF555 /* Base */,
			);
			name = Main.storyboard;
			sourceTree = "<group>";
		};
		200F86BF1E227891008DF555 /* LaunchScreen.storyboard */ = {
			isa = PBXVariantGroup;
			children = (
				200F86C01E227891008DF555 /* Base */,
			);
			name = LaunchScreen.storyboard;
			sourceTree = "<group>";
		};
/* End PBXVariantGroup section */

/* Begin XCBuildConfiguration section */
		200F86C31E227891008DF555 /* Debug */ = {
			isa = XCBuildConfiguration;
			buildSettings = {
				ALWAYS_SEARCH_USER_PATHS = NO;
				CLANG_ANALYZER_NONNULL = YES;
				CLANG_CXX_LANGUAGE_STANDARD = "gnu++0x";
				CLANG_CXX_LIBRARY = "libc++";
				CLANG_ENABLE_MODULES = YES;
				CLANG_ENABLE_OBJC_ARC = YES;
				CLANG_WARN_BOOL_CONVERSION = YES;
				CLANG_WARN_CONSTANT_CONVERSION = YES;
				CLANG_WARN_DIRECT_OBJC_ISA_USAGE = YES_ERROR;
				CLANG_WARN_DOCUMENTATION_COMMENTS = YES;
				CLANG_WARN_EMPTY_BODY = YES;
				CLANG_WARN_ENUM_CONVERSION = YES;
				CLANG_WARN_INFINITE_RECURSION = YES;
				CLANG_WARN_INT_CONVERSION = YES;
				CLANG_WARN_OBJC_ROOT_CLASS = YES_ERROR;
				CLANG_WARN_SUSPICIOUS_MOVES = YES;
				CLANG_WARN_UNREACHABLE_CODE = YES;
				CLANG_WARN__DUPLICATE_METHOD_MATCH = YES;
				"CODE_SIGN_IDENTITY[sdk=iphoneos*]" = "iPhone Developer";
				COPY_PHASE_STRIP = NO;
				DEBUG_INFORMATION_FORMAT = dwarf;
				ENABLE_STRICT_OBJC_MSGSEND = YES;
				ENABLE_TESTABILITY = YES;
				GCC_C_LANGUAGE_STANDARD = gnu99;
				GCC_DYNAMIC_NO_PIC = NO;
				GCC_NO_COMMON_BLOCKS = YES;
				GCC_OPTIMIZATION_LEVEL = 0;
				GCC_PREPROCESSOR_DEFINITIONS = (
					"DEBUG=1",
					"$(inherited)",
				);
				GCC_WARN_64_TO_32_BIT_CONVERSION = YES;
				GCC_WARN_ABOUT_RETURN_TYPE = YES_ERROR;
				GCC_WARN_UNDECLARED_SELECTOR = YES;
				GCC_WARN_UNINITIALIZED_AUTOS = YES_AGGRESSIVE;
				GCC_WARN_UNUSED_FUNCTION = YES;
				GCC_WARN_UNUSED_VARIABLE = YES;
				IPHONEOS_DEPLOYMENT_TARGET = 10.1;
				MTL_ENABLE_DEBUG_INFO = YES;
				ONLY_ACTIVE_ARCH = YES;
				SDKROOT = iphoneos;
				SWIFT_ACTIVE_COMPILATION_CONDITIONS = DEBUG;
				SWIFT_OPTIMIZATION_LEVEL = "-Onone";
				TARGETED_DEVICE_FAMILY = "1,2";
			};
			name = Debug;
		};
		200F86C41E227891008DF555 /* Release */ = {
			isa = XCBuildConfiguration;
			buildSettings = {
				ALWAYS_SEARCH_USER_PATHS = NO;
				CLANG_ANALYZER_NONNULL = YES;
				CLANG_CXX_LANGUAGE_STANDARD = "gnu++0x";
				CLANG_CXX_LIBRARY = "libc++";
				CLANG_ENABLE_MODULES = YES;
				CLANG_ENABLE_OBJC_ARC = YES;
				CLANG_WARN_BOOL_CONVERSION = YES;
				CLANG_WARN_CONSTANT_CONVERSION = YES;
				CLANG_WARN_DIRECT_OBJC_ISA_USAGE = YES_ERROR;
				CLANG_WARN_DOCUMENTATION_COMMENTS = YES;
				CLANG_WARN_EMPTY_BODY = YES;
				CLANG_WARN_ENUM_CONVERSION = YES;
				CLANG_WARN_INFINITE_RECURSION = YES;
				CLANG_WARN_INT_CONVERSION = YES;
				CLANG_WARN_OBJC_ROOT_CLASS = YES_ERROR;
				CLANG_WARN_SUSPICIOUS_MOVES = YES;
				CLANG_WARN_UNREACHABLE_CODE = YES;
				CLANG_WARN__DUPLICATE_METHOD_MATCH = YES;
				"CODE_SIGN_IDENTITY[sdk=iphoneos*]" = "iPhone Developer";
				COPY_PHASE_STRIP = NO;
				DEBUG_INFORMATION_FORMAT = "dwarf-with-dsym";
				ENABLE_NS_ASSERTIONS = NO;
				ENABLE_STRICT_OBJC_MSGSEND = YES;
				GCC_C_LANGUAGE_STANDARD = gnu99;
				GCC_NO_COMMON_BLOCKS = YES;
				GCC_WARN_64_TO_32_BIT_CONVERSION = YES;
				GCC_WARN_ABOUT_RETURN_TYPE = YES_ERROR;
				GCC_WARN_UNDECLARED_SELECTOR = YES;
				GCC_WARN_UNINITIALIZED_AUTOS = YES_AGGRESSIVE;
				GCC_WARN_UNUSED_FUNCTION = YES;
				GCC_WARN_UNUSED_VARIABLE = YES;
				IPHONEOS_DEPLOYMENT_TARGET = 10.1;
				MTL_ENABLE_DEBUG_INFO = NO;
				SDKROOT = iphoneos;
				SWIFT_OPTIMIZATION_LEVEL = "-Owholemodule";
				TARGETED_DEVICE_FAMILY = "1,2";
				VALIDATE_PRODUCT = YES;
			};
			name = Release;
		};
		200F86C61E227891008DF555 /* Debug */ = {
			isa = XCBuildConfiguration;
			buildSettings = {
				ASSETCATALOG_COMPILER_APPICON_NAME = AppIcon;
				DEVELOPMENT_TEAM = 4NJ84NR932;
				INFOPLIST_FILE = "iOS Example/Info.plist";
				LD_RUNPATH_SEARCH_PATHS = "$(inherited) @executable_path/Frameworks";
				PRODUCT_BUNDLE_IDENTIFIER = "com.AndrewSimvolokov.iOS-Example";
				PRODUCT_NAME = "$(TARGET_NAME)";
				SWIFT_VERSION = 3.0;
			};
			name = Debug;
		};
		200F86C71E227891008DF555 /* Release */ = {
			isa = XCBuildConfiguration;
			buildSettings = {
				ASSETCATALOG_COMPILER_APPICON_NAME = AppIcon;
				DEVELOPMENT_TEAM = 4NJ84NR932;
				INFOPLIST_FILE = "iOS Example/Info.plist";
				LD_RUNPATH_SEARCH_PATHS = "$(inherited) @executable_path/Frameworks";
				PRODUCT_BUNDLE_IDENTIFIER = "com.AndrewSimvolokov.iOS-Example";
				PRODUCT_NAME = "$(TARGET_NAME)";
				SWIFT_VERSION = 3.0;
			};
			name = Release;
		};
/* End XCBuildConfiguration section */

/* Begin XCConfigurationList section */
		200F86AE1E227891008DF555 /* Build configuration list for PBXProject "iOS Example" */ = {
			isa = XCConfigurationList;
			buildConfigurations = (
				200F86C31E227891008DF555 /* Debug */,
				200F86C41E227891008DF555 /* Release */,
			);
			defaultConfigurationIsVisible = 0;
			defaultConfigurationName = Release;
		};
		200F86C51E227891008DF555 /* Build configuration list for PBXNativeTarget "iOS Example" */ = {
			isa = XCConfigurationList;
			buildConfigurations = (
				200F86C61E227891008DF555 /* Debug */,
				200F86C71E227891008DF555 /* Release */,
			);
			defaultConfigurationIsVisible = 0;
			defaultConfigurationName = Release;
		};
/* End XCConfigurationList section */
	};
	rootObject = 200F86AB1E227891008DF555 /* Project object */;
}
