// !$*UTF8*$!
{
	archiveVersion = 1;
	classes = {
	};
	objectVersion = 46;
	objects = {

/* Begin PBXBuildFile section */
		200F868E1E227582008DF555 /* Image360.h in Headers */ = {isa = PBXBuildFile; fileRef = 200F868C1E227582008DF555 /* Image360.h */; settings = {ATTRIBUTES = (Public, ); }; };
		200F86981E227643008DF555 /* black.jpg in Resources */ = {isa = PBXBuildFile; fileRef = 200F86971E227643008DF555 /* black.jpg */; };
		200F869C1E2276A2008DF555 /* FragmentShader.glsl in Resources */ = {isa = PBXBuildFile; fileRef = 200F869A1E2276A2008DF555 /* FragmentShader.glsl */; };
		200F869D1E2276A2008DF555 /* VertexShader.glsl in Resources */ = {isa = PBXBuildFile; fileRef = 200F869B1E2276A2008DF555 /* VertexShader.glsl */; };
		200F86A21E22770D008DF555 /* Sphere.swift in Sources */ = {isa = PBXBuildFile; fileRef = 200F86A11E22770D008DF555 /* Sphere.swift */; };
		200F86A41E227739008DF555 /* Image360View.swift in Sources */ = {isa = PBXBuildFile; fileRef = 200F86A31E227739008DF555 /* Image360View.swift */; };
		200F86A61E227760008DF555 /* Image360Controller.swift in Sources */ = {isa = PBXBuildFile; fileRef = 200F86A51E227760008DF555 /* Image360Controller.swift */; };
		20424EC11E243914008CD371 /* Shader.swift in Sources */ = {isa = PBXBuildFile; fileRef = 20424EC01E243914008CD371 /* Shader.swift */; };
		410B983B1E6345A800FF5C5C /* OrientationView.swift in Sources */ = {isa = PBXBuildFile; fileRef = 410B983A1E6345A800FF5C5C /* OrientationView.swift */; };
		417DDB061E604DED00375BF1 /* Image360.podspec in Resources */ = {isa = PBXBuildFile; fileRef = 417DDB051E604DED00375BF1 /* Image360.podspec */; };
		41B183CF1E903F1E0021A36A /* Controller.swift in Sources */ = {isa = PBXBuildFile; fileRef = 41B183CE1E903F1E0021A36A /* Controller.swift */; };
		41B183D11E903F5C0021A36A /* MotionController.swift in Sources */ = {isa = PBXBuildFile; fileRef = 41B183D01E903F5C0021A36A /* MotionController.swift */; };
		41B183D31E903F850021A36A /* GestureController.swift in Sources */ = {isa = PBXBuildFile; fileRef = 41B183D21E903F850021A36A /* GestureController.swift */; };
		41CFDF6B1E8806C800A4C9F0 /* GLKUtils.swift in Sources */ = {isa = PBXBuildFile; fileRef = 41CFDF6A1E8806C800A4C9F0 /* GLKUtils.swift */; };
		41FAB87B1E6AFC06007FEFFA /* Image360GLController.swift in Sources */ = {isa = PBXBuildFile; fileRef = 41FAB87A1E6AFC06007FEFFA /* Image360GLController.swift */; };
/* End PBXBuildFile section */

/* Begin PBXFileReference section */
		200F86891E227582008DF555 /* Image360.framework */ = {isa = PBXFileReference; explicitFileType = wrapper.framework; includeInIndex = 0; path = Image360.framework; sourceTree = BUILT_PRODUCTS_DIR; };
		200F868C1E227582008DF555 /* Image360.h */ = {isa = PBXFileReference; lastKnownFileType = sourcecode.c.h; path = Image360.h; sourceTree = "<group>"; };
		200F868D1E227582008DF555 /* Info.plist */ = {isa = PBXFileReference; lastKnownFileType = text.plist.xml; path = Info.plist; sourceTree = "<group>"; };
		200F86971E227643008DF555 /* black.jpg */ = {isa = PBXFileReference; lastKnownFileType = image.jpeg; path = black.jpg; sourceTree = "<group>"; };
		200F869A1E2276A2008DF555 /* FragmentShader.glsl */ = {isa = PBXFileReference; fileEncoding = 4; lastKnownFileType = text; path = FragmentShader.glsl; sourceTree = "<group>"; };
		200F869B1E2276A2008DF555 /* VertexShader.glsl */ = {isa = PBXFileReference; fileEncoding = 4; lastKnownFileType = text; path = VertexShader.glsl; sourceTree = "<group>"; };
		200F86A11E22770D008DF555 /* Sphere.swift */ = {isa = PBXFileReference; fileEncoding = 4; lastKnownFileType = sourcecode.swift; path = Sphere.swift; sourceTree = "<group>"; };
		200F86A31E227739008DF555 /* Image360View.swift */ = {isa = PBXFileReference; fileEncoding = 4; lastKnownFileType = sourcecode.swift; path = Image360View.swift; sourceTree = "<group>"; };
		200F86A51E227760008DF555 /* Image360Controller.swift */ = {isa = PBXFileReference; fileEncoding = 4; lastKnownFileType = sourcecode.swift; path = Image360Controller.swift; sourceTree = "<group>"; };
		20424EC01E243914008CD371 /* Shader.swift */ = {isa = PBXFileReference; fileEncoding = 4; lastKnownFileType = sourcecode.swift; path = Shader.swift; sourceTree = "<group>"; };
		410B983A1E6345A800FF5C5C /* OrientationView.swift */ = {isa = PBXFileReference; fileEncoding = 4; lastKnownFileType = sourcecode.swift; path = OrientationView.swift; sourceTree = "<group>"; };
		417DDB011E604D6E00375BF1 /* README.md */ = {isa = PBXFileReference; fileEncoding = 4; lastKnownFileType = net.daringfireball.markdown; path = README.md; sourceTree = SOURCE_ROOT; };
		417DDB031E604DB700375BF1 /* CHANGELOG.md */ = {isa = PBXFileReference; fileEncoding = 4; lastKnownFileType = net.daringfireball.markdown; path = CHANGELOG.md; sourceTree = SOURCE_ROOT; };
		417DDB051E604DED00375BF1 /* Image360.podspec */ = {isa = PBXFileReference; fileEncoding = 4; lastKnownFileType = text; path = Image360.podspec; sourceTree = SOURCE_ROOT; };
		41B183CE1E903F1E0021A36A /* Controller.swift */ = {isa = PBXFileReference; fileEncoding = 4; lastKnownFileType = sourcecode.swift; path = Controller.swift; sourceTree = "<group>"; };
		41B183D01E903F5C0021A36A /* MotionController.swift */ = {isa = PBXFileReference; fileEncoding = 4; lastKnownFileType = sourcecode.swift; path = MotionController.swift; sourceTree = "<group>"; };
		41B183D21E903F850021A36A /* GestureController.swift */ = {isa = PBXFileReference; fileEncoding = 4; lastKnownFileType = sourcecode.swift; path = GestureController.swift; sourceTree = "<group>"; };
		41CFDF6A1E8806C800A4C9F0 /* GLKUtils.swift */ = {isa = PBXFileReference; fileEncoding = 4; lastKnownFileType = sourcecode.swift; path = GLKUtils.swift; sourceTree = "<group>"; };
		41FAB87A1E6AFC06007FEFFA /* Image360GLController.swift */ = {isa = PBXFileReference; fileEncoding = 4; lastKnownFileType = sourcecode.swift; path = Image360GLController.swift; sourceTree = "<group>"; };
/* End PBXFileReference section */

/* Begin PBXFrameworksBuildPhase section */
		200F86851E227581008DF555 /* Frameworks */ = {
			isa = PBXFrameworksBuildPhase;
			buildActionMask = 2147483647;
			files = (
			);
			runOnlyForDeploymentPostprocessing = 0;
		};
/* End PBXFrameworksBuildPhase section */

/* Begin PBXGroup section */
		200F867F1E227581008DF555 = {
			isa = PBXGroup;
			children = (
				200F868B1E227582008DF555 /* Image360 */,
				200F868A1E227582008DF555 /* Products */,
			);
			sourceTree = "<group>";
		};
		200F868A1E227582008DF555 /* Products */ = {
			isa = PBXGroup;
			children = (
				200F86891E227582008DF555 /* Image360.framework */,
			);
			name = Products;
			sourceTree = "<group>";
		};
		200F868B1E227582008DF555 /* Image360 */ = {
			isa = PBXGroup;
			children = (
				200F869E1E2276B4008DF555 /* Core */,
				200F86961E227605008DF555 /* Resources */,
				200F86991E22766D008DF555 /* Shaders */,
				200F86951E2275CF008DF555 /* Supporting Files */,
			);
			path = Image360;
			sourceTree = "<group>";
		};
		200F86951E2275CF008DF555 /* Supporting Files */ = {
			isa = PBXGroup;
			children = (
				417DDB031E604DB700375BF1 /* CHANGELOG.md */,
				200F868C1E227582008DF555 /* Image360.h */,
				417DDB051E604DED00375BF1 /* Image360.podspec */,
				200F868D1E227582008DF555 /* Info.plist */,
				417DDB011E604D6E00375BF1 /* README.md */,
			);
			name = "Supporting Files";
			sourceTree = "<group>";
		};
		200F86961E227605008DF555 /* Resources */ = {
			isa = PBXGroup;
			children = (
				200F86971E227643008DF555 /* black.jpg */,
			);
			path = Resources;
			sourceTree = "<group>";
		};
		200F86991E22766D008DF555 /* Shaders */ = {
			isa = PBXGroup;
			children = (
				200F869A1E2276A2008DF555 /* FragmentShader.glsl */,
				200F869B1E2276A2008DF555 /* VertexShader.glsl */,
			);
			path = Shaders;
			sourceTree = "<group>";
		};
		200F869E1E2276B4008DF555 /* Core */ = {
			isa = PBXGroup;
			children = (
				41CFDF6A1E8806C800A4C9F0 /* GLKUtils.swift */,
				200F86A51E227760008DF555 /* Image360Controller.swift */,
				41FAB87A1E6AFC06007FEFFA /* Image360GLController.swift */,
				200F86A31E227739008DF555 /* Image360View.swift */,
				410B983A1E6345A800FF5C5C /* OrientationView.swift */,
				20424EC01E243914008CD371 /* Shader.swift */,
				200F86A11E22770D008DF555 /* Sphere.swift */,
				41B183CD1E903ED40021A36A /* Controllers */,
			);
			path = Core;
			sourceTree = "<group>";
		};
		41B183CD1E903ED40021A36A /* Controllers */ = {
			isa = PBXGroup;
			children = (
				41B183CE1E903F1E0021A36A /* Controller.swift */,
				41B183D21E903F850021A36A /* GestureController.swift */,
				41B183D01E903F5C0021A36A /* MotionController.swift */,
			);
			path = Controllers;
			sourceTree = "<group>";
		};
/* End PBXGroup section */

/* Begin PBXHeadersBuildPhase section */
		200F86861E227581008DF555 /* Headers */ = {
			isa = PBXHeadersBuildPhase;
			buildActionMask = 2147483647;
			files = (
				200F868E1E227582008DF555 /* Image360.h in Headers */,
			);
			runOnlyForDeploymentPostprocessing = 0;
		};
/* End PBXHeadersBuildPhase section */

/* Begin PBXNativeTarget section */
		200F86881E227581008DF555 /* Image360 */ = {
			isa = PBXNativeTarget;
			buildConfigurationList = 200F86911E227582008DF555 /* Build configuration list for PBXNativeTarget "Image360" */;
			buildPhases = (
				200F86841E227581008DF555 /* Sources */,
				200F86851E227581008DF555 /* Frameworks */,
				200F86861E227581008DF555 /* Headers */,
				200F86871E227581008DF555 /* Resources */,
			);
			buildRules = (
			);
			dependencies = (
			);
			name = Image360;
			productName = Image360;
			productReference = 200F86891E227582008DF555 /* Image360.framework */;
			productType = "com.apple.product-type.framework";
		};
/* End PBXNativeTarget section */

/* Begin PBXProject section */
		200F86801E227581008DF555 /* Project object */ = {
			isa = PBXProject;
			attributes = {
				LastUpgradeCheck = 0810;
				ORGANIZATIONNAME = "Andrew Simvolokov";
				TargetAttributes = {
					200F86881E227581008DF555 = {
						CreatedOnToolsVersion = 8.1;
						LastSwiftMigration = 0810;
						ProvisioningStyle = Automatic;
					};
				};
			};
			buildConfigurationList = 200F86831E227581008DF555 /* Build configuration list for PBXProject "Image360" */;
			compatibilityVersion = "Xcode 3.2";
			developmentRegion = English;
			hasScannedForEncodings = 0;
			knownRegions = (
				en,
			);
			mainGroup = 200F867F1E227581008DF555;
			productRefGroup = 200F868A1E227582008DF555 /* Products */;
			projectDirPath = "";
			projectRoot = "";
			targets = (
				200F86881E227581008DF555 /* Image360 */,
			);
		};
/* End PBXProject section */

/* Begin PBXResourcesBuildPhase section */
		200F86871E227581008DF555 /* Resources */ = {
			isa = PBXResourcesBuildPhase;
			buildActionMask = 2147483647;
			files = (
				417DDB061E604DED00375BF1 /* Image360.podspec in Resources */,
				200F869C1E2276A2008DF555 /* FragmentShader.glsl in Resources */,
				200F86981E227643008DF555 /* black.jpg in Resources */,
				200F869D1E2276A2008DF555 /* VertexShader.glsl in Resources */,
			);
			runOnlyForDeploymentPostprocessing = 0;
		};
/* End PBXResourcesBuildPhase section */

/* Begin PBXSourcesBuildPhase section */
		200F86841E227581008DF555 /* Sources */ = {
			isa = PBXSourcesBuildPhase;
			buildActionMask = 2147483647;
			files = (
				41B183CF1E903F1E0021A36A /* Controller.swift in Sources */,
				41CFDF6B1E8806C800A4C9F0 /* GLKUtils.swift in Sources */,
				200F86A21E22770D008DF555 /* Sphere.swift in Sources */,
				200F86A41E227739008DF555 /* Image360View.swift in Sources */,
				41B183D11E903F5C0021A36A /* MotionController.swift in Sources */,
				41B183D31E903F850021A36A /* GestureController.swift in Sources */,
				200F86A61E227760008DF555 /* Image360Controller.swift in Sources */,
				41FAB87B1E6AFC06007FEFFA /* Image360GLController.swift in Sources */,
				20424EC11E243914008CD371 /* Shader.swift in Sources */,
				410B983B1E6345A800FF5C5C /* OrientationView.swift in Sources */,
			);
			runOnlyForDeploymentPostprocessing = 0;
		};
/* End PBXSourcesBuildPhase section */

/* Begin XCBuildConfiguration section */
		200F868F1E227582008DF555 /* Debug */ = {
			isa = XCBuildConfiguration;
			buildSettings = {
				ALWAYS_SEARCH_USER_PATHS = NO;
				CLANG_ANALYZER_NONNULL = YES;
				CLANG_CXX_LANGUAGE_STANDARD = "gnu++0x";
				CLANG_CXX_LIBRARY = "libc++";
				CLANG_ENABLE_MODULES = YES;
				CLANG_ENABLE_OBJC_ARC = YES;
				CLANG_WARN_BOOL_CONVERSION = YES;
				CLANG_WARN_CONSTANT_CONVERSION = YES;
				CLANG_WARN_DIRECT_OBJC_ISA_USAGE = YES_ERROR;
				CLANG_WARN_DOCUMENTATION_COMMENTS = YES;
				CLANG_WARN_EMPTY_BODY = YES;
				CLANG_WARN_ENUM_CONVERSION = YES;
				CLANG_WARN_INFINITE_RECURSION = YES;
				CLANG_WARN_INT_CONVERSION = YES;
				CLANG_WARN_OBJC_ROOT_CLASS = YES_ERROR;
				CLANG_WARN_SUSPICIOUS_MOVES = YES;
				CLANG_WARN_UNREACHABLE_CODE = YES;
				CLANG_WARN__DUPLICATE_METHOD_MATCH = YES;
				"CODE_SIGN_IDENTITY[sdk=iphoneos*]" = "iPhone Developer";
				COPY_PHASE_STRIP = NO;
				CURRENT_PROJECT_VERSION = 1;
				DEBUG_INFORMATION_FORMAT = dwarf;
				ENABLE_STRICT_OBJC_MSGSEND = YES;
				ENABLE_TESTABILITY = YES;
				GCC_C_LANGUAGE_STANDARD = gnu99;
				GCC_DYNAMIC_NO_PIC = NO;
				GCC_NO_COMMON_BLOCKS = YES;
				GCC_OPTIMIZATION_LEVEL = 0;
				GCC_PREPROCESSOR_DEFINITIONS = (
					"DEBUG=1",
					"$(inherited)",
				);
				GCC_WARN_64_TO_32_BIT_CONVERSION = YES;
				GCC_WARN_ABOUT_RETURN_TYPE = YES_ERROR;
				GCC_WARN_UNDECLARED_SELECTOR = YES;
				GCC_WARN_UNINITIALIZED_AUTOS = YES_AGGRESSIVE;
				GCC_WARN_UNUSED_FUNCTION = YES;
				GCC_WARN_UNUSED_VARIABLE = YES;
				IPHONEOS_DEPLOYMENT_TARGET = 10.1;
				MTL_ENABLE_DEBUG_INFO = YES;
				ONLY_ACTIVE_ARCH = YES;
				SDKROOT = iphoneos;
				SWIFT_ACTIVE_COMPILATION_CONDITIONS = DEBUG;
				SWIFT_OPTIMIZATION_LEVEL = "-Onone";
				TARGETED_DEVICE_FAMILY = "1,2";
				VERSIONING_SYSTEM = "apple-generic";
				VERSION_INFO_PREFIX = "";
			};
			name = Debug;
		};
		200F86901E227582008DF555 /* Release */ = {
			isa = XCBuildConfiguration;
			buildSettings = {
				ALWAYS_SEARCH_USER_PATHS = NO;
				CLANG_ANALYZER_NONNULL = YES;
				CLANG_CXX_LANGUAGE_STANDARD = "gnu++0x";
				CLANG_CXX_LIBRARY = "libc++";
				CLANG_ENABLE_MODULES = YES;
				CLANG_ENABLE_OBJC_ARC = YES;
				CLANG_WARN_BOOL_CONVERSION = YES;
				CLANG_WARN_CONSTANT_CONVERSION = YES;
				CLANG_WARN_DIRECT_OBJC_ISA_USAGE = YES_ERROR;
				CLANG_WARN_DOCUMENTATION_COMMENTS = YES;
				CLANG_WARN_EMPTY_BODY = YES;
				CLANG_WARN_ENUM_CONVERSION = YES;
				CLANG_WARN_INFINITE_RECURSION = YES;
				CLANG_WARN_INT_CONVERSION = YES;
				CLANG_WARN_OBJC_ROOT_CLASS = YES_ERROR;
				CLANG_WARN_SUSPICIOUS_MOVES = YES;
				CLANG_WARN_UNREACHABLE_CODE = YES;
				CLANG_WARN__DUPLICATE_METHOD_MATCH = YES;
				"CODE_SIGN_IDENTITY[sdk=iphoneos*]" = "iPhone Developer";
				COPY_PHASE_STRIP = NO;
				CURRENT_PROJECT_VERSION = 1;
				DEBUG_INFORMATION_FORMAT = "dwarf-with-dsym";
				ENABLE_NS_ASSERTIONS = NO;
				ENABLE_STRICT_OBJC_MSGSEND = YES;
				GCC_C_LANGUAGE_STANDARD = gnu99;
				GCC_NO_COMMON_BLOCKS = YES;
				GCC_WARN_64_TO_32_BIT_CONVERSION = YES;
				GCC_WARN_ABOUT_RETURN_TYPE = YES_ERROR;
				GCC_WARN_UNDECLARED_SELECTOR = YES;
				GCC_WARN_UNINITIALIZED_AUTOS = YES_AGGRESSIVE;
				GCC_WARN_UNUSED_FUNCTION = YES;
				GCC_WARN_UNUSED_VARIABLE = YES;
				IPHONEOS_DEPLOYMENT_TARGET = 10.1;
				MTL_ENABLE_DEBUG_INFO = NO;
				SDKROOT = iphoneos;
				SWIFT_OPTIMIZATION_LEVEL = "-Owholemodule";
				TARGETED_DEVICE_FAMILY = "1,2";
				VALIDATE_PRODUCT = YES;
				VERSIONING_SYSTEM = "apple-generic";
				VERSION_INFO_PREFIX = "";
			};
			name = Release;
		};
		200F86921E227582008DF555 /* Debug */ = {
			isa = XCBuildConfiguration;
			buildSettings = {
				CLANG_ENABLE_MODULES = YES;
				CODE_SIGN_IDENTITY = "";
				DEFINES_MODULE = YES;
				DEVELOPMENT_TEAM = "";
				DYLIB_COMPATIBILITY_VERSION = 1;
				DYLIB_CURRENT_VERSION = 1;
				DYLIB_INSTALL_NAME_BASE = "@rpath";
				INFOPLIST_FILE = Image360/Info.plist;
				INSTALL_PATH = "$(LOCAL_LIBRARY_DIR)/Frameworks";
				LD_RUNPATH_SEARCH_PATHS = "$(inherited) @executable_path/Frameworks @loader_path/Frameworks";
				PRODUCT_BUNDLE_IDENTIFIER = com.AndrewSimvolokov.Image360;
				PRODUCT_NAME = "$(TARGET_NAME)";
				SKIP_INSTALL = YES;
				SWIFT_OPTIMIZATION_LEVEL = "-Onone";
				SWIFT_VERSION = 3.0;
			};
			name = Debug;
		};
		200F86931E227582008DF555 /* Release */ = {
			isa = XCBuildConfiguration;
			buildSettings = {
				CLANG_ENABLE_MODULES = YES;
				CODE_SIGN_IDENTITY = "";
				DEFINES_MODULE = YES;
				DEVELOPMENT_TEAM = "";
				DYLIB_COMPATIBILITY_VERSION = 1;
				DYLIB_CURRENT_VERSION = 1;
				DYLIB_INSTALL_NAME_BASE = "@rpath";
				INFOPLIST_FILE = Image360/Info.plist;
				INSTALL_PATH = "$(LOCAL_LIBRARY_DIR)/Frameworks";
				LD_RUNPATH_SEARCH_PATHS = "$(inherited) @executable_path/Frameworks @loader_path/Frameworks";
				PRODUCT_BUNDLE_IDENTIFIER = com.AndrewSimvolokov.Image360;
				PRODUCT_NAME = "$(TARGET_NAME)";
				SKIP_INSTALL = YES;
				SWIFT_VERSION = 3.0;
			};
			name = Release;
		};
/* End XCBuildConfiguration section */

/* Begin XCConfigurationList section */
		200F86831E227581008DF555 /* Build configuration list for PBXProject "Image360" */ = {
			isa = XCConfigurationList;
			buildConfigurations = (
				200F868F1E227582008DF555 /* Debug */,
				200F86901E227582008DF555 /* Release */,
			);
			defaultConfigurationIsVisible = 0;
			defaultConfigurationName = Release;
		};
		200F86911E227582008DF555 /* Build configuration list for PBXNativeTarget "Image360" */ = {
			isa = XCConfigurationList;
			buildConfigurations = (
				200F86921E227582008DF555 /* Debug */,
				200F86931E227582008DF555 /* Release */,
			);
			defaultConfigurationIsVisible = 0;
			defaultConfigurationName = Release;
		};
/* End XCConfigurationList section */
	};
	rootObject = 200F86801E227581008DF555 /* Project object */;
}
